{
    "_meta": {
        "hash": {
            "sha256": "d4d35fc8fd27b6adc5930d4125b0275af777d01feef29e31a8d3f46e057bf68e"
        },
        "pipfile-spec": 6,
        "requires": {
            "python_version": "3.6"
        },
        "sources": [
            {
                "name": "pypi",
                "url": "https://pypi.org/simple",
                "verify_ssl": true
            }
        ]
    },
    "default": {
        "args": {
            "hashes": [
                "sha256:a785b8d837625e9b61c39108532d95b85274acd679693b71ebb5156848fcf814"
            ],
            "version": "==0.1.0"
        },
        "clint": {
            "hashes": [
                "sha256:05224c32b1075563d0b16d0015faaf9da43aa214e4a2140e51f08789e7a4c5aa"
            ],
            "index": "pypi",
            "version": "==0.5.1"
        },
        "emoji": {
            "hashes": [
                "sha256:e42da4f8d648f8ef10691bc246f682a1ec6b18373abfd9be10ec0b398823bd11"
            ],
            "index": "pypi",
            "version": "==0.6.0"
        },
        "filezen": {
            "hashes": [
                "sha256:c5b2363a835d8caec30127c15b117b033b38aeb548d1a8ddffb178538231621a",
                "sha256:d79d22052ae4570a2a43e09740e6bad037876275cf4885540c5ed15fea1e0cb0"
            ],
            "index": "pypi",
            "version": "==1.4.3"
        },
        "pathlib": {
            "hashes": [
                "sha256:6940718dfc3eff4258203ad5021090933e5c04707d5ca8cc9e73c94a7894ea9f"
            ],
            "version": "==1.0.1"
        }
    },
    "develop": {}
}
